
Microsoft Visual Studio Solution File, Format Version 12.00
# Visual Studio 15
Project("{FAE04EC0-301F-11D3-BF4B-00C04F79EFBC}") = "UnityEngine.TestRunner", "UnityEngine.TestRunner.csproj", "{9584594D-A14F-CCD8-9BE9-BEC996F4AC5B}"
EndProject
Project("{FAE04EC0-301F-11D3-BF4B-00C04F79EFBC}") = "UnityEngine.UI", "UnityEngine.UI.csproj", "{D590C8B3-F7C4-4579-B319-2695CBB77DA3}"
EndProject
Project("{FAE04EC0-301F-11D3-BF4B-00C04F79EFBC}") = "Unity.VisualScripting.Flow", "Unity.VisualScripting.Flow.csproj", "{EE193689-B910-E615-4D1A-7A6C8D55283D}"
EndProject
Project("{FAE04EC0-301F-11D3-BF4B-00C04F79EFBC}") = "Unity.Services.Core.Telemetry", "Unity.Services.Core.Telemetry.csproj", "{95A6E364-B7AE-504E-F87D-B879CB5F2D8C}"
EndProject
Project("{FAE04EC0-301F-11D3-BF4B-00C04F79EFBC}") = "Unity.VisualScripting.State", "Unity.VisualScripting.State.csproj", "{8EA96C26-07A8-1D32-DFBF-064023D8B3CB}"
EndProject
Project("{FAE04EC0-301F-11D3-BF4B-00C04F79EFBC}") = "Unity.VisualScripting.Core", "Unity.VisualScripting.Core.csproj", "{18120F65-D0A8-AB30-0240-81B308222F16}"
EndProject
Project("{FAE04EC0-301F-11D3-BF4B-00C04F79EFBC}") = "Unity.Services.Core.Environments.Internal", "Unity.Services.Core.Environments.Internal.csproj", "{5A185FE4-5629-0753-5F89-C07B05FAC9FB}"
EndProject
Project("{FAE04EC0-301F-11D3-BF4B-00C04F79EFBC}") = "Unity.TextMeshPro", "Unity.TextMeshPro.csproj", "{872BA285-E615-A0E2-C596-73D1AC72E76C}"
EndProject
Project("{FAE04EC0-301F-11D3-BF4B-00C04F79EFBC}") = "Unity.Timeline", "Unity.Timeline.csproj", "{E46C806E-DAC8-A571-1A15-530F1D5505BD}"
EndProject
Project("{FAE04EC0-301F-11D3-BF4B-00C04F79EFBC}") = "Unity.Services.Core", "Unity.Services.Core.csproj", "{70D1B2FE-05BB-8A55-26ED-6CDE1471610F}"
EndProject
Project("{FAE04EC0-301F-11D3-BF4B-00C04F79EFBC}") = "Unity.Services.Core.Environments", "Unity.Services.Core.Environments.csproj", "{FE753152-7172-F39B-43DC-DA7B8383F374}"
EndProject
Project("{FAE04EC0-301F-11D3-BF4B-00C04F79EFBC}") = "Unity.Services.Core.Internal", "Unity.Services.Core.Internal.csproj", "{F0F5EC68-935A-C65F-97AE-EEF5024F7A00}"
EndProject
Project("{FAE04EC0-301F-11D3-BF4B-00C04F79EFBC}") = "Unity.Services.Core.Analytics", "Unity.Services.Core.Analytics.csproj", "{08EE762F-0478-60E1-F0DA-38A5BF57DF0F}"
EndProject
Project("{FAE04EC0-301F-11D3-BF4B-00C04F79EFBC}") = "Unity.Services.Core.Scheduler", "Unity.Services.Core.Scheduler.csproj", "{772D989F-8848-4D70-F8A9-C0BD1344147D}"
EndProject
Project("{FAE04EC0-301F-11D3-BF4B-00C04F79EFBC}") = "Unity.Services.Core.Registration", "Unity.Services.Core.Registration.csproj", "{F94FDFB9-85AE-918D-C912-8F1CA2172112}"
EndProject
Project("{FAE04EC0-301F-11D3-BF4B-00C04F79EFBC}") = "Unity.Services.Core.Device", "Unity.Services.Core.Device.csproj", "{03CE1D5E-A180-F68F-D25D-FC4EA2E195B1}"
EndProject
Project("{FAE04EC0-301F-11D3-BF4B-00C04F79EFBC}") = "Unity.Services.Core.Threading", "Unity.Services.Core.Threading.csproj", "{BBA6E8A5-68C5-929C-2394-F0038BCF5AE1}"
EndProject
Project("{FAE04EC0-301F-11D3-BF4B-00C04F79EFBC}") = "Unity.Services.Core.Networking", "Unity.Services.Core.Networking.csproj", "{02B20F38-DF6B-93F9-F61B-485387C0DE7D}"
EndProject
Project("{FAE04EC0-301F-11D3-BF4B-00C04F79EFBC}") = "Assembly-CSharp", "Assembly-CSharp.csproj", "{CE963F9A-FA08-7181-1770-2AF821BDAD4D}"
EndProject
Project("{FAE04EC0-301F-11D3-BF4B-00C04F79EFBC}") = "Unity.Services.Core.Configuration", "Unity.Services.Core.Configuration.csproj", "{EF7360FE-FA6E-3BF5-E5A1-4603455CE9F3}"
EndProject
Project("{FAE04EC0-301F-11D3-BF4B-00C04F79EFBC}") = "Unity.PlasticSCM.Editor", "Unity.PlasticSCM.Editor.csproj", "{EBCB571F-B08C-4753-F27F-DEB5F25FAE73}"
EndProject
Project("{FAE04EC0-301F-11D3-BF4B-00C04F79EFBC}") = "Unity.VisualScripting.Core.Editor", "Unity.VisualScripting.Core.Editor.csproj", "{440D8457-71C6-8972-1778-366B2105D777}"
EndProject
Project("{FAE04EC0-301F-11D3-BF4B-00C04F79EFBC}") = "Unity.VisualScripting.Flow.Editor", "Unity.VisualScripting.Flow.Editor.csproj", "{ACD76105-60E5-5789-3348-397FE90EF9FA}"
EndProject
Project("{FAE04EC0-301F-11D3-BF4B-00C04F79EFBC}") = "Unity.VisualStudio.Editor", "Unity.VisualStudio.Editor.csproj", "{15AF92B4-9FB5-7AAD-AF7C-C76ABD83FB2C}"
EndProject
Project("{FAE04EC0-301F-11D3-BF4B-00C04F79EFBC}") = "Unity.Timeline.Editor", "Unity.Timeline.Editor.csproj", "{94E50D6C-8FD1-180E-6B1F-B2B04A82CF37}"
EndProject
Project("{FAE04EC0-301F-11D3-BF4B-00C04F79EFBC}") = "Unity.VisualScripting.State.Editor", "Unity.VisualScripting.State.Editor.csproj", "{38B68DA9-70EF-237C-D28A-D3BBA4DABFC9}"
EndProject
Project("{FAE04EC0-301F-11D3-BF4B-00C04F79EFBC}") = "Unity.TextMeshPro.Editor", "Unity.TextMeshPro.Editor.csproj", "{FF496AAC-310B-E5D0-10D0-C2709D8E27B0}"
EndProject
Project("{FAE04EC0-301F-11D3-BF4B-00C04F79EFBC}") = "Unity.VisualScripting.SettingsProvider.Editor", "Unity.VisualScripting.SettingsProvider.Editor.csproj", "{97968A51-6A13-26C0-8813-ABB860987452}"
EndProject
Project("{FAE04EC0-301F-11D3-BF4B-00C04F79EFBC}") = "Unity.CollabProxy.Editor", "Unity.CollabProxy.Editor.csproj", "{549664F1-3A8D-804B-5348-A62775D5CD9C}"
EndProject
Project("{FAE04EC0-301F-11D3-BF4B-00C04F79EFBC}") = "UnityEditor.TestRunner", "UnityEditor.TestRunner.csproj", "{391A580D-83B7-9C37-DF9F-9C4E96B8F152}"
EndProject
Project("{FAE04EC0-301F-11D3-BF4B-00C04F79EFBC}") = "Unity.Services.Core.Editor", "Unity.Services.Core.Editor.csproj", "{D5692815-E83F-D9AB-0332-0C645CCDE791}"
EndProject
Project("{FAE04EC0-301F-11D3-BF4B-00C04F79EFBC}") = "Unity.TestTools.CodeCoverage.Editor", "Unity.TestTools.CodeCoverage.Editor.csproj", "{59E4C3E3-148E-A971-5C88-3ED5F576AF8C}"
EndProject
Project("{FAE04EC0-301F-11D3-BF4B-00C04F79EFBC}") = "Unity.Rider.Editor", "Unity.Rider.Editor.csproj", "{5699254F-365C-7915-9C4D-652858E583A7}"
EndProject
Project("{FAE04EC0-301F-11D3-BF4B-00C04F79EFBC}") = "Unity.Performance.Profile-Analyzer.Editor", "Unity.Performance.Profile-Analyzer.Editor.csproj", "{17995BAE-5142-D032-A55B-E0AA53E9772A}"
EndProject
Project("{FAE04EC0-301F-11D3-BF4B-00C04F79EFBC}") = "Unity.VSCode.Editor", "Unity.VSCode.Editor.csproj", "{5BE7AADD-4416-425F-B37B-4655F4CBB749}"
EndProject
Project("{FAE04EC0-301F-11D3-BF4B-00C04F79EFBC}") = "UnityEditor.UI", "UnityEditor.UI.csproj", "{AA7B3CBF-EE95-D92A-1020-1631115D1EAD}"
EndProject
Project("{FAE04EC0-301F-11D3-BF4B-00C04F79EFBC}") = "Unity.TestTools.CodeCoverage.Editor.OpenCover.Model", "Unity.TestTools.CodeCoverage.Editor.OpenCover.Model.csproj", "{126C662C-6CFC-57AC-DCD5-876154392737}"
EndProject
Project("{FAE04EC0-301F-11D3-BF4B-00C04F79EFBC}") = "Unity.EditorCoroutines.Editor", "Unity.EditorCoroutines.Editor.csproj", "{FBEAAB80-F2BD-41E4-1CD2-ADB4722E6280}"
EndProject
Project("{FAE04EC0-301F-11D3-BF4B-00C04F79EFBC}") = "Unity.Settings.Editor", "Unity.Settings.Editor.csproj", "{6F679BC3-E35C-CB92-06AC-D2583DB31CDF}"
EndProject
Project("{FAE04EC0-301F-11D3-BF4B-00C04F79EFBC}") = "Unity.Services.Core.Configuration.Editor", "Unity.Services.Core.Configuration.Editor.csproj", "{47C0442C-E65B-0B66-F6BD-305A1225B516}"
EndProject
Project("{FAE04EC0-301F-11D3-BF4B-00C04F79EFBC}") = "Unity.TestTools.CodeCoverage.Editor.OpenCover.Mono.Reflection", "Unity.TestTools.CodeCoverage.Editor.OpenCover.Mono.Reflection.csproj", "{6A4FA009-1FC7-BA28-F651-52F585824F56}"
EndProject
Project("{FAE04EC0-301F-11D3-BF4B-00C04F79EFBC}") = "Unity.VisualScripting.Shared.Editor", "Unity.VisualScripting.Shared.Editor.csproj", "{B141152B-B4B9-7649-4463-5B0229A3D229}"
EndProject
Global
	GlobalSection(SolutionConfigurationPlatforms) = preSolution
		Debug|Any CPU = Debug|Any CPU
		Release|Any CPU = Release|Any CPU
	EndGlobalSection
	GlobalSection(ProjectConfigurationPlatforms) = postSolution
		{9584594D-A14F-CCD8-9BE9-BEC996F4AC5B}.Debug|Any CPU.ActiveCfg = Debug|Any CPU
		{9584594D-A14F-CCD8-9BE9-BEC996F4AC5B}.Debug|Any CPU.Build.0 = Debug|Any CPU
		{9584594D-A14F-CCD8-9BE9-BEC996F4AC5B}.Release|Any CPU.ActiveCfg = Release|Any CPU
		{9584594D-A14F-CCD8-9BE9-BEC996F4AC5B}.Release|Any CPU.Build.0 = Release|Any CPU
		{D590C8B3-F7C4-4579-B319-2695CBB77DA3}.Debug|Any CPU.ActiveCfg = Debug|Any CPU
		{D590C8B3-F7C4-4579-B319-2695CBB77DA3}.Debug|Any CPU.Build.0 = Debug|Any CPU
		{D590C8B3-F7C4-4579-B319-2695CBB77DA3}.Release|Any CPU.ActiveCfg = Release|Any CPU
		{D590C8B3-F7C4-4579-B319-2695CBB77DA3}.Release|Any CPU.Build.0 = Release|Any CPU
		{EE193689-B910-E615-4D1A-7A6C8D55283D}.Debug|Any CPU.ActiveCfg = Debug|Any CPU
		{EE193689-B910-E615-4D1A-7A6C8D55283D}.Debug|Any CPU.Build.0 = Debug|Any CPU
		{EE193689-B910-E615-4D1A-7A6C8D55283D}.Release|Any CPU.ActiveCfg = Release|Any CPU
		{EE193689-B910-E615-4D1A-7A6C8D55283D}.Release|Any CPU.Build.0 = Release|Any CPU
		{95A6E364-B7AE-504E-F87D-B879CB5F2D8C}.Debug|Any CPU.ActiveCfg = Debug|Any CPU
		{95A6E364-B7AE-504E-F87D-B879CB5F2D8C}.Debug|Any CPU.Build.0 = Debug|Any CPU
		{95A6E364-B7AE-504E-F87D-B879CB5F2D8C}.Release|Any CPU.ActiveCfg = Release|Any CPU
		{95A6E364-B7AE-504E-F87D-B879CB5F2D8C}.Release|Any CPU.Build.0 = Release|Any CPU
		{8EA96C26-07A8-1D32-DFBF-064023D8B3CB}.Debug|Any CPU.ActiveCfg = Debug|Any CPU
		{8EA96C26-07A8-1D32-DFBF-064023D8B3CB}.Debug|Any CPU.Build.0 = Debug|Any CPU
		{8EA96C26-07A8-1D32-DFBF-064023D8B3CB}.Release|Any CPU.ActiveCfg = Release|Any CPU
		{8EA96C26-07A8-1D32-DFBF-064023D8B3CB}.Release|Any CPU.Build.0 = Release|Any CPU
		{18120F65-D0A8-AB30-0240-81B308222F16}.Debug|Any CPU.ActiveCfg = Debug|Any CPU
		{18120F65-D0A8-AB30-0240-81B308222F16}.Debug|Any CPU.Build.0 = Debug|Any CPU
		{18120F65-D0A8-AB30-0240-81B308222F16}.Release|Any CPU.ActiveCfg = Release|Any CPU
		{18120F65-D0A8-AB30-0240-81B308222F16}.Release|Any CPU.Build.0 = Release|Any CPU
		{5A185FE4-5629-0753-5F89-C07B05FAC9FB}.Debug|Any CPU.ActiveCfg = Debug|Any CPU
		{5A185FE4-5629-0753-5F89-C07B05FAC9FB}.Debug|Any CPU.Build.0 = Debug|Any CPU
		{5A185FE4-5629-0753-5F89-C07B05FAC9FB}.Release|Any CPU.ActiveCfg = Release|Any CPU
		{5A185FE4-5629-0753-5F89-C07B05FAC9FB}.Release|Any CPU.Build.0 = Release|Any CPU
		{872BA285-E615-A0E2-C596-73D1AC72E76C}.Debug|Any CPU.ActiveCfg = Debug|Any CPU
		{872BA285-E615-A0E2-C596-73D1AC72E76C}.Debug|Any CPU.Build.0 = Debug|Any CPU
		{872BA285-E615-A0E2-C596-73D1AC72E76C}.Release|Any CPU.ActiveCfg = Release|Any CPU
		{872BA285-E615-A0E2-C596-73D1AC72E76C}.Release|Any CPU.Build.0 = Release|Any CPU
		{E46C806E-DAC8-A571-1A15-530F1D5505BD}.Debug|Any CPU.ActiveCfg = Debug|Any CPU
		{E46C806E-DAC8-A571-1A15-530F1D5505BD}.Debug|Any CPU.Build.0 = Debug|Any CPU
		{E46C806E-DAC8-A571-1A15-530F1D5505BD}.Release|Any CPU.ActiveCfg = Release|Any CPU
		{E46C806E-DAC8-A571-1A15-530F1D5505BD}.Release|Any CPU.Build.0 = Release|Any CPU
		{70D1B2FE-05BB-8A55-26ED-6CDE1471610F}.Debug|Any CPU.ActiveCfg = Debug|Any CPU
		{70D1B2FE-05BB-8A55-26ED-6CDE1471610F}.Debug|Any CPU.Build.0 = Debug|Any CPU
		{70D1B2FE-05BB-8A55-26ED-6CDE1471610F}.Release|Any CPU.ActiveCfg = Release|Any CPU
		{70D1B2FE-05BB-8A55-26ED-6CDE1471610F}.Release|Any CPU.Build.0 = Release|Any CPU
		{FE753152-7172-F39B-43DC-DA7B8383F374}.Debug|Any CPU.ActiveCfg = Debug|Any CPU
		{FE753152-7172-F39B-43DC-DA7B8383F374}.Debug|Any CPU.Build.0 = Debug|Any CPU
		{FE753152-7172-F39B-43DC-DA7B8383F374}.Release|Any CPU.ActiveCfg = Release|Any CPU
		{FE753152-7172-F39B-43DC-DA7B8383F374}.Release|Any CPU.Build.0 = Release|Any CPU
		{F0F5EC68-935A-C65F-97AE-EEF5024F7A00}.Debug|Any CPU.ActiveCfg = Debug|Any CPU
		{F0F5EC68-935A-C65F-97AE-EEF5024F7A00}.Debug|Any CPU.Build.0 = Debug|Any CPU
		{F0F5EC68-935A-C65F-97AE-EEF5024F7A00}.Release|Any CPU.ActiveCfg = Release|Any CPU
		{F0F5EC68-935A-C65F-97AE-EEF5024F7A00}.Release|Any CPU.Build.0 = Release|Any CPU
		{08EE762F-0478-60E1-F0DA-38A5BF57DF0F}.Debug|Any CPU.ActiveCfg = Debug|Any CPU
		{08EE762F-0478-60E1-F0DA-38A5BF57DF0F}.Debug|Any CPU.Build.0 = Debug|Any CPU
		{08EE762F-0478-60E1-F0DA-38A5BF57DF0F}.Release|Any CPU.ActiveCfg = Release|Any CPU
		{08EE762F-0478-60E1-F0DA-38A5BF57DF0F}.Release|Any CPU.Build.0 = Release|Any CPU
		{772D989F-8848-4D70-F8A9-C0BD1344147D}.Debug|Any CPU.ActiveCfg = Debug|Any CPU
		{772D989F-8848-4D70-F8A9-C0BD1344147D}.Debug|Any CPU.Build.0 = Debug|Any CPU
		{772D989F-8848-4D70-F8A9-C0BD1344147D}.Release|Any CPU.ActiveCfg = Release|Any CPU
		{772D989F-8848-4D70-F8A9-C0BD1344147D}.Release|Any CPU.Build.0 = Release|Any CPU
		{F94FDFB9-85AE-918D-C912-8F1CA2172112}.Debug|Any CPU.ActiveCfg = Debug|Any CPU
		{F94FDFB9-85AE-918D-C912-8F1CA2172112}.Debug|Any CPU.Build.0 = Debug|Any CPU
		{F94FDFB9-85AE-918D-C912-8F1CA2172112}.Release|Any CPU.ActiveCfg = Release|Any CPU
		{F94FDFB9-85AE-918D-C912-8F1CA2172112}.Release|Any CPU.Build.0 = Release|Any CPU
		{03CE1D5E-A180-F68F-D25D-FC4EA2E195B1}.Debug|Any CPU.ActiveCfg = Debug|Any CPU
		{03CE1D5E-A180-F68F-D25D-FC4EA2E195B1}.Debug|Any CPU.Build.0 = Debug|Any CPU
		{03CE1D5E-A180-F68F-D25D-FC4EA2E195B1}.Release|Any CPU.ActiveCfg = Release|Any CPU
		{03CE1D5E-A180-F68F-D25D-FC4EA2E195B1}.Release|Any CPU.Build.0 = Release|Any CPU
		{BBA6E8A5-68C5-929C-2394-F0038BCF5AE1}.Debug|Any CPU.ActiveCfg = Debug|Any CPU
		{BBA6E8A5-68C5-929C-2394-F0038BCF5AE1}.Debug|Any CPU.Build.0 = Debug|Any CPU
		{BBA6E8A5-68C5-929C-2394-F0038BCF5AE1}.Release|Any CPU.ActiveCfg = Release|Any CPU
		{BBA6E8A5-68C5-929C-2394-F0038BCF5AE1}.Release|Any CPU.Build.0 = Release|Any CPU
		{02B20F38-DF6B-93F9-F61B-485387C0DE7D}.Debug|Any CPU.ActiveCfg = Debug|Any CPU
		{02B20F38-DF6B-93F9-F61B-485387C0DE7D}.Debug|Any CPU.Build.0 = Debug|Any CPU
		{02B20F38-DF6B-93F9-F61B-485387C0DE7D}.Release|Any CPU.ActiveCfg = Release|Any CPU
		{02B20F38-DF6B-93F9-F61B-485387C0DE7D}.Release|Any CPU.Build.0 = Release|Any CPU
		{CE963F9A-FA08-7181-1770-2AF821BDAD4D}.Debug|Any CPU.ActiveCfg = Debug|Any CPU
		{CE963F9A-FA08-7181-1770-2AF821BDAD4D}.Debug|Any CPU.Build.0 = Debug|Any CPU
		{CE963F9A-FA08-7181-1770-2AF821BDAD4D}.Release|Any CPU.ActiveCfg = Release|Any CPU
		{CE963F9A-FA08-7181-1770-2AF821BDAD4D}.Release|Any CPU.Build.0 = Release|Any CPU
		{EF7360FE-FA6E-3BF5-E5A1-4603455CE9F3}.Debug|Any CPU.ActiveCfg = Debug|Any CPU
		{EF7360FE-FA6E-3BF5-E5A1-4603455CE9F3}.Debug|Any CPU.Build.0 = Debug|Any CPU
		{EF7360FE-FA6E-3BF5-E5A1-4603455CE9F3}.Release|Any CPU.ActiveCfg = Release|Any CPU
		{EF7360FE-FA6E-3BF5-E5A1-4603455CE9F3}.Release|Any CPU.Build.0 = Release|Any CPU
		{EBCB571F-B08C-4753-F27F-DEB5F25FAE73}.Debug|Any CPU.ActiveCfg = Debug|Any CPU
		{EBCB571F-B08C-4753-F27F-DEB5F25FAE73}.Debug|Any CPU.Build.0 = Debug|Any CPU
		{EBCB571F-B08C-4753-F27F-DEB5F25FAE73}.Release|Any CPU.ActiveCfg = Release|Any CPU
		{EBCB571F-B08C-4753-F27F-DEB5F25FAE73}.Release|Any CPU.Build.0 = Release|Any CPU
		{440D8457-71C6-8972-1778-366B2105D777}.Debug|Any CPU.ActiveCfg = Debug|Any CPU
		{440D8457-71C6-8972-1778-366B2105D777}.Debug|Any CPU.Build.0 = Debug|Any CPU
		{440D8457-71C6-8972-1778-366B2105D777}.Release|Any CPU.ActiveCfg = Release|Any CPU
		{440D8457-71C6-8972-1778-366B2105D777}.Release|Any CPU.Build.0 = Release|Any CPU
		{ACD76105-60E5-5789-3348-397FE90EF9FA}.Debug|Any CPU.ActiveCfg = Debug|Any CPU
		{ACD76105-60E5-5789-3348-397FE90EF9FA}.Debug|Any CPU.Build.0 = Debug|Any CPU
		{ACD76105-60E5-5789-3348-397FE90EF9FA}.Release|Any CPU.ActiveCfg = Release|Any CPU
		{ACD76105-60E5-5789-3348-397FE90EF9FA}.Release|Any CPU.Build.0 = Release|Any CPU
		{15AF92B4-9FB5-7AAD-AF7C-C76ABD83FB2C}.Debug|Any CPU.ActiveCfg = Debug|Any CPU
		{15AF92B4-9FB5-7AAD-AF7C-C76ABD83FB2C}.Debug|Any CPU.Build.0 = Debug|Any CPU
		{15AF92B4-9FB5-7AAD-AF7C-C76ABD83FB2C}.Release|Any CPU.ActiveCfg = Release|Any CPU
		{15AF92B4-9FB5-7AAD-AF7C-C76ABD83FB2C}.Release|Any CPU.Build.0 = Release|Any CPU
		{94E50D6C-8FD1-180E-6B1F-B2B04A82CF37}.Debug|Any CPU.ActiveCfg = Debug|Any CPU
		{94E50D6C-8FD1-180E-6B1F-B2B04A82CF37}.Debug|Any CPU.Build.0 = Debug|Any CPU
		{94E50D6C-8FD1-180E-6B1F-B2B04A82CF37}.Release|Any CPU.ActiveCfg = Release|Any CPU
		{94E50D6C-8FD1-180E-6B1F-B2B04A82CF37}.Release|Any CPU.Build.0 = Release|Any CPU
		{38B68DA9-70EF-237C-D28A-D3BBA4DABFC9}.Debug|Any CPU.ActiveCfg = Debug|Any CPU
		{38B68DA9-70EF-237C-D28A-D3BBA4DABFC9}.Debug|Any CPU.Build.0 = Debug|Any CPU
		{38B68DA9-70EF-237C-D28A-D3BBA4DABFC9}.Release|Any CPU.ActiveCfg = Release|Any CPU
		{38B68DA9-70EF-237C-D28A-D3BBA4DABFC9}.Release|Any CPU.Build.0 = Release|Any CPU
		{FF496AAC-310B-E5D0-10D0-C2709D8E27B0}.Debug|Any CPU.ActiveCfg = Debug|Any CPU
		{FF496AAC-310B-E5D0-10D0-C2709D8E27B0}.Debug|Any CPU.Build.0 = Debug|Any CPU
		{FF496AAC-310B-E5D0-10D0-C2709D8E27B0}.Release|Any CPU.ActiveCfg = Release|Any CPU
		{FF496AAC-310B-E5D0-10D0-C2709D8E27B0}.Release|Any CPU.Build.0 = Release|Any CPU
		{97968A51-6A13-26C0-8813-ABB860987452}.Debug|Any CPU.ActiveCfg = Debug|Any CPU
		{97968A51-6A13-26C0-8813-ABB860987452}.Debug|Any CPU.Build.0 = Debug|Any CPU
		{97968A51-6A13-26C0-8813-ABB860987452}.Release|Any CPU.ActiveCfg = Release|Any CPU
		{97968A51-6A13-26C0-8813-ABB860987452}.Release|Any CPU.Build.0 = Release|Any CPU
		{549664F1-3A8D-804B-5348-A62775D5CD9C}.Debug|Any CPU.ActiveCfg = Debug|Any CPU
		{549664F1-3A8D-804B-5348-A62775D5CD9C}.Debug|Any CPU.Build.0 = Debug|Any CPU
		{549664F1-3A8D-804B-5348-A62775D5CD9C}.Release|Any CPU.ActiveCfg = Release|Any CPU
		{549664F1-3A8D-804B-5348-A62775D5CD9C}.Release|Any CPU.Build.0 = Release|Any CPU
		{391A580D-83B7-9C37-DF9F-9C4E96B8F152}.Debug|Any CPU.ActiveCfg = Debug|Any CPU
		{391A580D-83B7-9C37-DF9F-9C4E96B8F152}.Debug|Any CPU.Build.0 = Debug|Any CPU
		{391A580D-83B7-9C37-DF9F-9C4E96B8F152}.Release|Any CPU.ActiveCfg = Release|Any CPU
		{391A580D-83B7-9C37-DF9F-9C4E96B8F152}.Release|Any CPU.Build.0 = Release|Any CPU
		{D5692815-E83F-D9AB-0332-0C645CCDE791}.Debug|Any CPU.ActiveCfg = Debug|Any CPU
		{D5692815-E83F-D9AB-0332-0C645CCDE791}.Debug|Any CPU.Build.0 = Debug|Any CPU
		{D5692815-E83F-D9AB-0332-0C645CCDE791}.Release|Any CPU.ActiveCfg = Release|Any CPU
		{D5692815-E83F-D9AB-0332-0C645CCDE791}.Release|Any CPU.Build.0 = Release|Any CPU
		{59E4C3E3-148E-A971-5C88-3ED5F576AF8C}.Debug|Any CPU.ActiveCfg = Debug|Any CPU
		{59E4C3E3-148E-A971-5C88-3ED5F576AF8C}.Debug|Any CPU.Build.0 = Debug|Any CPU
		{59E4C3E3-148E-A971-5C88-3ED5F576AF8C}.Release|Any CPU.ActiveCfg = Release|Any CPU
		{59E4C3E3-148E-A971-5C88-3ED5F576AF8C}.Release|Any CPU.Build.0 = Release|Any CPU
		{5699254F-365C-7915-9C4D-652858E583A7}.Debug|Any CPU.ActiveCfg = Debug|Any CPU
		{5699254F-365C-7915-9C4D-652858E583A7}.Debug|Any CPU.Build.0 = Debug|Any CPU
		{5699254F-365C-7915-9C4D-652858E583A7}.Release|Any CPU.ActiveCfg = Release|Any CPU
		{5699254F-365C-7915-9C4D-652858E583A7}.Release|Any CPU.Build.0 = Release|Any CPU
		{17995BAE-5142-D032-A55B-E0AA53E9772A}.Debug|Any CPU.ActiveCfg = Debug|Any CPU
		{17995BAE-5142-D032-A55B-E0AA53E9772A}.Debug|Any CPU.Build.0 = Debug|Any CPU
		{17995BAE-5142-D032-A55B-E0AA53E9772A}.Release|Any CPU.ActiveCfg = Release|Any CPU
		{17995BAE-5142-D032-A55B-E0AA53E9772A}.Release|Any CPU.Build.0 = Release|Any CPU
		{5BE7AADD-4416-425F-B37B-4655F4CBB749}.Debug|Any CPU.ActiveCfg = Debug|Any CPU
		{5BE7AADD-4416-425F-B37B-4655F4CBB749}.Debug|Any CPU.Build.0 = Debug|Any CPU
		{5BE7AADD-4416-425F-B37B-4655F4CBB749}.Release|Any CPU.ActiveCfg = Release|Any CPU
		{5BE7AADD-4416-425F-B37B-4655F4CBB749}.Release|Any CPU.Build.0 = Release|Any CPU
		{AA7B3CBF-EE95-D92A-1020-1631115D1EAD}.Debug|Any CPU.ActiveCfg = Debug|Any CPU
		{AA7B3CBF-EE95-D92A-1020-1631115D1EAD}.Debug|Any CPU.Build.0 = Debug|Any CPU
		{AA7B3CBF-EE95-D92A-1020-1631115D1EAD}.Release|Any CPU.ActiveCfg = Release|Any CPU
		{AA7B3CBF-EE95-D92A-1020-1631115D1EAD}.Release|Any CPU.Build.0 = Release|Any CPU
		{126C662C-6CFC-57AC-DCD5-876154392737}.Debug|Any CPU.ActiveCfg = Debug|Any CPU
		{126C662C-6CFC-57AC-DCD5-876154392737}.Debug|Any CPU.Build.0 = Debug|Any CPU
		{126C662C-6CFC-57AC-DCD5-876154392737}.Release|Any CPU.ActiveCfg = Release|Any CPU
		{126C662C-6CFC-57AC-DCD5-876154392737}.Release|Any CPU.Build.0 = Release|Any CPU
		{FBEAAB80-F2BD-41E4-1CD2-ADB4722E6280}.Debug|Any CPU.ActiveCfg = Debug|Any CPU
		{FBEAAB80-F2BD-41E4-1CD2-ADB4722E6280}.Debug|Any CPU.Build.0 = Debug|Any CPU
		{FBEAAB80-F2BD-41E4-1CD2-ADB4722E6280}.Release|Any CPU.ActiveCfg = Release|Any CPU
		{FBEAAB80-F2BD-41E4-1CD2-ADB4722E6280}.Release|Any CPU.Build.0 = Release|Any CPU
		{6F679BC3-E35C-CB92-06AC-D2583DB31CDF}.Debug|Any CPU.ActiveCfg = Debug|Any CPU
		{6F679BC3-E35C-CB92-06AC-D2583DB31CDF}.Debug|Any CPU.Build.0 = Debug|Any CPU
		{6F679BC3-E35C-CB92-06AC-D2583DB31CDF}.Release|Any CPU.ActiveCfg = Release|Any CPU
		{6F679BC3-E35C-CB92-06AC-D2583DB31CDF}.Release|Any CPU.Build.0 = Release|Any CPU
		{47C0442C-E65B-0B66-F6BD-305A1225B516}.Debug|Any CPU.ActiveCfg = Debug|Any CPU
		{47C0442C-E65B-0B66-F6BD-305A1225B516}.Debug|Any CPU.Build.0 = Debug|Any CPU
		{47C0442C-E65B-0B66-F6BD-305A1225B516}.Release|Any CPU.ActiveCfg = Release|Any CPU
		{47C0442C-E65B-0B66-F6BD-305A1225B516}.Release|Any CPU.Build.0 = Release|Any CPU
		{6A4FA009-1FC7-BA28-F651-52F585824F56}.Debug|Any CPU.ActiveCfg = Debug|Any CPU
		{6A4FA009-1FC7-BA28-F651-52F585824F56}.Debug|Any CPU.Build.0 = Debug|Any CPU
		{6A4FA009-1FC7-BA28-F651-52F585824F56}.Release|Any CPU.ActiveCfg = Release|Any CPU
		{6A4FA009-1FC7-BA28-F651-52F585824F56}.Release|Any CPU.Build.0 = Release|Any CPU
		{B141152B-B4B9-7649-4463-5B0229A3D229}.Debug|Any CPU.ActiveCfg = Debug|Any CPU
		{B141152B-B4B9-7649-4463-5B0229A3D229}.Debug|Any CPU.Build.0 = Debug|Any CPU
		{B141152B-B4B9-7649-4463-5B0229A3D229}.Release|Any CPU.ActiveCfg = Release|Any CPU
		{B141152B-B4B9-7649-4463-5B0229A3D229}.Release|Any CPU.Build.0 = Release|Any CPU
	EndGlobalSection
	GlobalSection(SolutionProperties) = preSolution
		HideSolutionNode = FALSE
	EndGlobalSection
EndGlobal
