
Microsoft Visual Studio Solution File, Format Version 12.00
# Visual Studio 15
Project("{FAE04EC0-301F-11D3-BF4B-00C04F79EFBC}") = "Assembly-CSharp", "Assembly-CSharp.csproj", "{A1628998-37FA-3678-4E6C-7A37626D6503}"
EndProject
Project("{FAE04EC0-301F-11D3-BF4B-00C04F79EFBC}") = "RadicalForge.Blockout", "RadicalForge.Blockout.csproj", "{F5970E64-513F-68DB-404B-6FD27C261154}"
EndProject
Project("{FAE04EC0-301F-11D3-BF4B-00C04F79EFBC}") = "RadicalForge.Blockout.Editor", "RadicalForge.Blockout.Editor.csproj", "{822B7814-7285-0788-AD4B-7AC6374A37C3}"
EndProject
Global
	GlobalSection(SolutionConfigurationPlatforms) = preSolution
		Debug|Any CPU = Debug|Any CPU
		Release|Any CPU = Release|Any CPU
	EndGlobalSection
	GlobalSection(ProjectConfigurationPlatforms) = postSolution
		{A1628998-37FA-3678-4E6C-7A37626D6503}.Debug|Any CPU.ActiveCfg = Debug|Any CPU
		{A1628998-37FA-3678-4E6C-7A37626D6503}.Debug|Any CPU.Build.0 = Debug|Any CPU
		{A1628998-37FA-3678-4E6C-7A37626D6503}.Release|Any CPU.ActiveCfg = Release|Any CPU
		{A1628998-37FA-3678-4E6C-7A37626D6503}.Release|Any CPU.Build.0 = Release|Any CPU
		{F5970E64-513F-68DB-404B-6FD27C261154}.Debug|Any CPU.ActiveCfg = Debug|Any CPU
		{F5970E64-513F-68DB-404B-6FD27C261154}.Debug|Any CPU.Build.0 = Debug|Any CPU
		{F5970E64-513F-68DB-404B-6FD27C261154}.Release|Any CPU.ActiveCfg = Release|Any CPU
		{F5970E64-513F-68DB-404B-6FD27C261154}.Release|Any CPU.Build.0 = Release|Any CPU
		{822B7814-7285-0788-AD4B-7AC6374A37C3}.Debug|Any CPU.ActiveCfg = Debug|Any CPU
		{822B7814-7285-0788-AD4B-7AC6374A37C3}.Debug|Any CPU.Build.0 = Debug|Any CPU
		{822B7814-7285-0788-AD4B-7AC6374A37C3}.Release|Any CPU.ActiveCfg = Release|Any CPU
		{822B7814-7285-0788-AD4B-7AC6374A37C3}.Release|Any CPU.Build.0 = Release|Any CPU
	EndGlobalSection
	GlobalSection(SolutionProperties) = preSolution
		HideSolutionNode = FALSE
	EndGlobalSection
EndGlobal
